
Microsoft Visual Studio Solution File, Format Version 12.00
# Visual Studio Version 17
VisualStudioVersion = 17.0.31912.275
MinimumVisualStudioVersion = 10.0.40219.1
Project("{9A19103F-16F7-4668-BE54-9A1E7A4F7556}") = "Connector.AzureDataLake", "src\Connector.AzureDataLake\Connector.AzureDataLake.csproj", "{98AD320B-8415-4605-98A0-3F479F05CA95}"
EndProject
Project("{2150E333-8FDC-42A3-9474-1A3956D46DE8}") = "Solution items", "Solution items", "{9919A6B5-BBA9-4A88-9084-E6C099025F41}"
	ProjectSection(SolutionItems) = preProject
		Packages.props = Packages.props
		README.md = README.md
	EndProjectSection
EndProject
Project("{2150E333-8FDC-42A3-9474-1A3956D46DE8}") = "Build", "Build", "{F7C0EE1B-7F6C-4B2E-99AB-3345DA66E5D0}"
	ProjectSection(SolutionItems) = preProject
		azure-pipelines.yml = azure-pipelines.yml
		GitVersion.yml = GitVersion.yml
	EndProjectSection
EndProject
Project("{2150E333-8FDC-42A3-9474-1A3956D46DE8}") = "Code Style", "Code Style", "{9C4B34BE-212C-426D-8256-FD497E912220}"
	ProjectSection(SolutionItems) = preProject
		.editorconfig = .editorconfig
	EndProjectSection
EndProject
Project("{2150E333-8FDC-42A3-9474-1A3956D46DE8}") = "Git", "Git", "{965438B9-94E3-42BD-AAC6-BD1804D535CB}"
	ProjectSection(SolutionItems) = preProject
		.gitattributes = .gitattributes
		.gitignore = .gitignore
	EndProjectSection
EndProject
Project("{2150E333-8FDC-42A3-9474-1A3956D46DE8}") = "NuGet", "NuGet", "{56F1F857-9E4F-4D49-B538-0F5CFBEB958D}"
	ProjectSection(SolutionItems) = preProject
		Nuget.config = Nuget.config
		Packages.props = Packages.props
		README.md = README.md
	EndProjectSection
EndProject
Project("{2150E333-8FDC-42A3-9474-1A3956D46DE8}") = "src", "src", "{5256D9B9-8A1D-480D-A8F0-1A69AFA59B31}"
	ProjectSection(SolutionItems) = preProject
		src\Connector.AzureDataLake\Directory.Build.props = src\Connector.AzureDataLake\Directory.Build.props
	EndProjectSection
EndProject
Project("{2150E333-8FDC-42A3-9474-1A3956D46DE8}") = "tests", "tests", "{CCFA12D5-D843-46A6-B7AC-AC90C14EEE14}"
EndProject
Project("{2150E333-8FDC-42A3-9474-1A3956D46DE8}") = "integration", "integration", "{9A48CD57-CDE1-454C-AE55-8ABD15908E81}"
EndProject
Project("{9A19103F-16F7-4668-BE54-9A1E7A4F7556}") = "Connector.AzureDataLake.Tests.Integration", "test\integration\Connector.AzureDataLake.Tests.Integration\Connector.AzureDataLake.Tests.Integration.csproj", "{22BA9D9A-8613-435D-A066-253B14E4EC44}"
EndProject
Project("{2150E333-8FDC-42A3-9474-1A3956D46DE8}") = "unit", "unit", "{F5373611-431E-459B-B775-5A31DDEC5B21}"
EndProject
Project("{9A19103F-16F7-4668-BE54-9A1E7A4F7556}") = "Connector.AzureDataLake.Tests.Unit", "test\unit\Connector.AzureDataLake.Tests.Unit\Connector.AzureDataLake.Tests.Unit.csproj", "{B713D902-FAD8-4B5E-AD24-C3E5AC5C4059}"
EndProject
Project("{9A19103F-16F7-4668-BE54-9A1E7A4F7556}") = "Connector.DataLake.Common", "src\Connector.DataLake.Common\Connector.DataLake.Common.csproj", "{6D2B3CA0-B640-4FA8-BB38-28BE958A2A65}"
EndProject
Project("{9A19103F-16F7-4668-BE54-9A1E7A4F7556}") = "Connector.OneLake", "src\Connector.OneLake\Connector.OneLake.csproj", "{1AA8B845-9762-47DD-B0E4-3B2C20C7486A}"
EndProject
Project("{9A19103F-16F7-4668-BE54-9A1E7A4F7556}") = "Connector.AzureDatabricks", "src\Connector.AzureDatabricks\Connector.AzureDatabricks.csproj", "{B0A8FAB9-8809-492F-A2B1-C141CE53A724}"
EndProject
Project("{9A19103F-16F7-4668-BE54-9A1E7A4F7556}") = "Connector.SynapseDataEngineering", "src\Connector.SynapseDataEngineering\Connector.SynapseDataEngineering.csproj", "{61607CFA-7A18-4DD6-9512-83B620B288EB}"
EndProject
Project("{9A19103F-16F7-4668-BE54-9A1E7A4F7556}") = "Connector.AzureAIStudio", "src\Connector.AzureAIStudio\Connector.AzureAIStudio.csproj", "{5F8EDA0E-5F95-4A7A-A7F3-217210674FDE}"
EndProject
Project("{2150E333-8FDC-42A3-9474-1A3956D46DE8}") = "Docs", "Docs", "{140DAFBB-752D-48C4-9242-9DBA3FF5031D}"
	ProjectSection(SolutionItems) = preProject
		docs\3.2.5-release-notes.md = docs\3.2.5-release-notes.md
		docs\3.4.0-release-notes.md = docs\3.4.0-release-notes.md
		docs\3.4.1-release-notes.md = docs\3.4.1-release-notes.md
		docs\3.4.2-release-notes.md = docs\3.4.2-release-notes.md
		docs\4.0.0-release-notes.md = docs\4.0.0-release-notes.md
		docs\4.3.0-release-notes.md = docs\4.3.0-release-notes.md
		docs\4.4.0-release-notes.md = docs\4.4.0-release-notes.md
	EndProjectSection
EndProject
Global
	GlobalSection(SolutionConfigurationPlatforms) = preSolution
		Debug|Any CPU = Debug|Any CPU
		Release|Any CPU = Release|Any CPU
	EndGlobalSection
	GlobalSection(ProjectConfigurationPlatforms) = postSolution
		{98AD320B-8415-4605-98A0-3F479F05CA95}.Debug|Any CPU.ActiveCfg = Debug|Any CPU
		{98AD320B-8415-4605-98A0-3F479F05CA95}.Debug|Any CPU.Build.0 = Debug|Any CPU
		{98AD320B-8415-4605-98A0-3F479F05CA95}.Release|Any CPU.ActiveCfg = Release|Any CPU
		{98AD320B-8415-4605-98A0-3F479F05CA95}.Release|Any CPU.Build.0 = Release|Any CPU
		{22BA9D9A-8613-435D-A066-253B14E4EC44}.Debug|Any CPU.ActiveCfg = Debug|Any CPU
		{22BA9D9A-8613-435D-A066-253B14E4EC44}.Debug|Any CPU.Build.0 = Debug|Any CPU
		{22BA9D9A-8613-435D-A066-253B14E4EC44}.Release|Any CPU.ActiveCfg = Release|Any CPU
		{22BA9D9A-8613-435D-A066-253B14E4EC44}.Release|Any CPU.Build.0 = Release|Any CPU
		{B713D902-FAD8-4B5E-AD24-C3E5AC5C4059}.Debug|Any CPU.ActiveCfg = Debug|Any CPU
		{B713D902-FAD8-4B5E-AD24-C3E5AC5C4059}.Debug|Any CPU.Build.0 = Debug|Any CPU
		{B713D902-FAD8-4B5E-AD24-C3E5AC5C4059}.Release|Any CPU.ActiveCfg = Release|Any CPU
		{B713D902-FAD8-4B5E-AD24-C3E5AC5C4059}.Release|Any CPU.Build.0 = Release|Any CPU
		{6D2B3CA0-B640-4FA8-BB38-28BE958A2A65}.Debug|Any CPU.ActiveCfg = Debug|Any CPU
		{6D2B3CA0-B640-4FA8-BB38-28BE958A2A65}.Debug|Any CPU.Build.0 = Debug|Any CPU
		{6D2B3CA0-B640-4FA8-BB38-28BE958A2A65}.Release|Any CPU.ActiveCfg = Release|Any CPU
		{6D2B3CA0-B640-4FA8-BB38-28BE958A2A65}.Release|Any CPU.Build.0 = Release|Any CPU
		{1AA8B845-9762-47DD-B0E4-3B2C20C7486A}.Debug|Any CPU.ActiveCfg = Debug|Any CPU
		{1AA8B845-9762-47DD-B0E4-3B2C20C7486A}.Debug|Any CPU.Build.0 = Debug|Any CPU
		{1AA8B845-9762-47DD-B0E4-3B2C20C7486A}.Release|Any CPU.ActiveCfg = Release|Any CPU
		{1AA8B845-9762-47DD-B0E4-3B2C20C7486A}.Release|Any CPU.Build.0 = Release|Any CPU
		{B0A8FAB9-8809-492F-A2B1-C141CE53A724}.Debug|Any CPU.ActiveCfg = Debug|Any CPU
		{B0A8FAB9-8809-492F-A2B1-C141CE53A724}.Debug|Any CPU.Build.0 = Debug|Any CPU
		{B0A8FAB9-8809-492F-A2B1-C141CE53A724}.Release|Any CPU.ActiveCfg = Release|Any CPU
		{B0A8FAB9-8809-492F-A2B1-C141CE53A724}.Release|Any CPU.Build.0 = Release|Any CPU
		{61607CFA-7A18-4DD6-9512-83B620B288EB}.Debug|Any CPU.ActiveCfg = Debug|Any CPU
		{61607CFA-7A18-4DD6-9512-83B620B288EB}.Debug|Any CPU.Build.0 = Debug|Any CPU
		{61607CFA-7A18-4DD6-9512-83B620B288EB}.Release|Any CPU.ActiveCfg = Release|Any CPU
		{61607CFA-7A18-4DD6-9512-83B620B288EB}.Release|Any CPU.Build.0 = Release|Any CPU
		{5F8EDA0E-5F95-4A7A-A7F3-217210674FDE}.Debug|Any CPU.ActiveCfg = Debug|Any CPU
		{5F8EDA0E-5F95-4A7A-A7F3-217210674FDE}.Debug|Any CPU.Build.0 = Debug|Any CPU
		{5F8EDA0E-5F95-4A7A-A7F3-217210674FDE}.Release|Any CPU.ActiveCfg = Release|Any CPU
		{5F8EDA0E-5F95-4A7A-A7F3-217210674FDE}.Release|Any CPU.Build.0 = Release|Any CPU
	EndGlobalSection
	GlobalSection(SolutionProperties) = preSolution
		HideSolutionNode = FALSE
	EndGlobalSection
	GlobalSection(NestedProjects) = preSolution
		{98AD320B-8415-4605-98A0-3F479F05CA95} = {5256D9B9-8A1D-480D-A8F0-1A69AFA59B31}
		{F7C0EE1B-7F6C-4B2E-99AB-3345DA66E5D0} = {9919A6B5-BBA9-4A88-9084-E6C099025F41}
		{9C4B34BE-212C-426D-8256-FD497E912220} = {9919A6B5-BBA9-4A88-9084-E6C099025F41}
		{965438B9-94E3-42BD-AAC6-BD1804D535CB} = {9919A6B5-BBA9-4A88-9084-E6C099025F41}
		{56F1F857-9E4F-4D49-B538-0F5CFBEB958D} = {9919A6B5-BBA9-4A88-9084-E6C099025F41}
		{9A48CD57-CDE1-454C-AE55-8ABD15908E81} = {CCFA12D5-D843-46A6-B7AC-AC90C14EEE14}
		{22BA9D9A-8613-435D-A066-253B14E4EC44} = {9A48CD57-CDE1-454C-AE55-8ABD15908E81}
		{F5373611-431E-459B-B775-5A31DDEC5B21} = {CCFA12D5-D843-46A6-B7AC-AC90C14EEE14}
		{B713D902-FAD8-4B5E-AD24-C3E5AC5C4059} = {F5373611-431E-459B-B775-5A31DDEC5B21}
		{6D2B3CA0-B640-4FA8-BB38-28BE958A2A65} = {5256D9B9-8A1D-480D-A8F0-1A69AFA59B31}
		{1AA8B845-9762-47DD-B0E4-3B2C20C7486A} = {5256D9B9-8A1D-480D-A8F0-1A69AFA59B31}
		{B0A8FAB9-8809-492F-A2B1-C141CE53A724} = {5256D9B9-8A1D-480D-A8F0-1A69AFA59B31}
		{61607CFA-7A18-4DD6-9512-83B620B288EB} = {5256D9B9-8A1D-480D-A8F0-1A69AFA59B31}
		{5F8EDA0E-5F95-4A7A-A7F3-217210674FDE} = {5256D9B9-8A1D-480D-A8F0-1A69AFA59B31}
	EndGlobalSection
	GlobalSection(ExtensibilityGlobals) = postSolution
		SolutionGuid = {E6A866CB-824C-4271-8EA6-053B7FC4B134}
	EndGlobalSection
EndGlobal
